
Microsoft Visual Studio Solution File, Format Version 12.00
# Visual Studio Version 16
VisualStudioVersion = 16.0.32413.511
MinimumVisualStudioVersion = 10.0.40219.1
Project("{9A19103F-16F7-4668-BE54-9A1E7A4F7556}") = "Factorial", "Algorithms\Factorial.csproj", "{8D64F4FD-EDAA-4654-8D8D-A9AC6B7FADEE}"
EndProject
Project("{2150E333-8FDC-42A3-9474-1A3956D46DE8}") = "Recursive", "Recursive", "{D73F7600-98B0-4D65-8878-A2E6532FE42D}"
EndProject
Project("{2150E333-8FDC-42A3-9474-1A3956D46DE8}") = "FactorialMethod", "FactorialMethod", "{62B030D2-CB99-487D-9394-7E3CB2E4F0D4}"
EndProject
Project("{2150E333-8FDC-42A3-9474-1A3956D46DE8}") = "FibonacciProblem", "FibonacciProblem", "{8A0DC153-0DB0-4A96-8D37-74BAC824404F}"
EndProject
Project("{9A19103F-16F7-4668-BE54-9A1E7A4F7556}") = "Fibonacci", "Fibonacci\Fibonacci.csproj", "{FFBCD958-72E1-48FA-9742-01EFC460BC58}"
EndProject
Project("{2150E333-8FDC-42A3-9474-1A3956D46DE8}") = "ReverseStringProblem", "ReverseStringProblem", "{EC5E8E2C-4FAC-4E46-9A56-D1B1329383DD}"
EndProject
Project("{9A19103F-16F7-4668-BE54-9A1E7A4F7556}") = "ReverseString", "ReverseString\ReverseString.csproj", "{297BCB5D-E887-4602-8788-92189A4B9D12}"
EndProject
Project("{2150E333-8FDC-42A3-9474-1A3956D46DE8}") = "Sorting", "Sorting", "{CAED6FAB-94F9-4D1A-9E4C-934230EA3882}"
EndProject
Project("{2150E333-8FDC-42A3-9474-1A3956D46DE8}") = "Bubble", "Bubble", "{B3533F4C-2C65-4940-A0C7-C80763C5D420}"
EndProject
Project("{2150E333-8FDC-42A3-9474-1A3956D46DE8}") = "Insertion", "Insertion", "{0ABE84EC-37DD-4CC0-BE79-1ADCA12F876C}"
EndProject
Project("{2150E333-8FDC-42A3-9474-1A3956D46DE8}") = "Selection", "Selection", "{30FC928B-845D-4464-B75F-11A1BE959AA8}"
EndProject
Project("{9A19103F-16F7-4668-BE54-9A1E7A4F7556}") = "BubbleSorting", "BubbleSorting\BubbleSorting.csproj", "{940B837F-735D-4D91-94A0-4F0E48BE1CE2}"
EndProject
Project("{9A19103F-16F7-4668-BE54-9A1E7A4F7556}") = "SelectionSorting", "SelectionSorting\SelectionSorting.csproj", "{96D76706-C084-46A8-851D-715A51985BF9}"
EndProject
Project("{9A19103F-16F7-4668-BE54-9A1E7A4F7556}") = "InsertionSorting", "InsertionSorting\InsertionSorting.csproj", "{06958162-A820-4B9A-A599-A29FB96056CE}"
EndProject
Project("{2150E333-8FDC-42A3-9474-1A3956D46DE8}") = "Merge", "Merge", "{F6FE7D15-A7A4-4138-AB9F-D5DCD0B01E03}"
EndProject
Project("{FAE04EC0-301F-11D3-BF4B-00C04F79EFBC}") = "MergeSorting", "MergeSorting\MergeSorting.csproj", "{2EC0E678-569A-467E-9746-25916C376308}"
EndProject
Global
	GlobalSection(SolutionConfigurationPlatforms) = preSolution
		Debug|Any CPU = Debug|Any CPU
		Release|Any CPU = Release|Any CPU
	EndGlobalSection
	GlobalSection(ProjectConfigurationPlatforms) = postSolution
		{8D64F4FD-EDAA-4654-8D8D-A9AC6B7FADEE}.Debug|Any CPU.ActiveCfg = Debug|Any CPU
		{8D64F4FD-EDAA-4654-8D8D-A9AC6B7FADEE}.Debug|Any CPU.Build.0 = Debug|Any CPU
		{8D64F4FD-EDAA-4654-8D8D-A9AC6B7FADEE}.Release|Any CPU.ActiveCfg = Release|Any CPU
		{8D64F4FD-EDAA-4654-8D8D-A9AC6B7FADEE}.Release|Any CPU.Build.0 = Release|Any CPU
		{FFBCD958-72E1-48FA-9742-01EFC460BC58}.Debug|Any CPU.ActiveCfg = Debug|Any CPU
		{FFBCD958-72E1-48FA-9742-01EFC460BC58}.Debug|Any CPU.Build.0 = Debug|Any CPU
		{FFBCD958-72E1-48FA-9742-01EFC460BC58}.Release|Any CPU.ActiveCfg = Release|Any CPU
		{FFBCD958-72E1-48FA-9742-01EFC460BC58}.Release|Any CPU.Build.0 = Release|Any CPU
		{297BCB5D-E887-4602-8788-92189A4B9D12}.Debug|Any CPU.ActiveCfg = Debug|Any CPU
		{297BCB5D-E887-4602-8788-92189A4B9D12}.Debug|Any CPU.Build.0 = Debug|Any CPU
		{297BCB5D-E887-4602-8788-92189A4B9D12}.Release|Any CPU.ActiveCfg = Release|Any CPU
		{297BCB5D-E887-4602-8788-92189A4B9D12}.Release|Any CPU.Build.0 = Release|Any CPU
		{940B837F-735D-4D91-94A0-4F0E48BE1CE2}.Debug|Any CPU.ActiveCfg = Debug|Any CPU
		{940B837F-735D-4D91-94A0-4F0E48BE1CE2}.Debug|Any CPU.Build.0 = Debug|Any CPU
		{940B837F-735D-4D91-94A0-4F0E48BE1CE2}.Release|Any CPU.ActiveCfg = Release|Any CPU
		{940B837F-735D-4D91-94A0-4F0E48BE1CE2}.Release|Any CPU.Build.0 = Release|Any CPU
		{96D76706-C084-46A8-851D-715A51985BF9}.Debug|Any CPU.ActiveCfg = Debug|Any CPU
		{96D76706-C084-46A8-851D-715A51985BF9}.Debug|Any CPU.Build.0 = Debug|Any CPU
		{96D76706-C084-46A8-851D-715A51985BF9}.Release|Any CPU.ActiveCfg = Release|Any CPU
		{96D76706-C084-46A8-851D-715A51985BF9}.Release|Any CPU.Build.0 = Release|Any CPU
		{06958162-A820-4B9A-A599-A29FB96056CE}.Debug|Any CPU.ActiveCfg = Debug|Any CPU
		{06958162-A820-4B9A-A599-A29FB96056CE}.Debug|Any CPU.Build.0 = Debug|Any CPU
		{06958162-A820-4B9A-A599-A29FB96056CE}.Release|Any CPU.ActiveCfg = Release|Any CPU
		{06958162-A820-4B9A-A599-A29FB96056CE}.Release|Any CPU.Build.0 = Release|Any CPU
		{2EC0E678-569A-467E-9746-25916C376308}.Debug|Any CPU.ActiveCfg = Debug|Any CPU
		{2EC0E678-569A-467E-9746-25916C376308}.Debug|Any CPU.Build.0 = Debug|Any CPU
		{2EC0E678-569A-467E-9746-25916C376308}.Release|Any CPU.ActiveCfg = Release|Any CPU
		{2EC0E678-569A-467E-9746-25916C376308}.Release|Any CPU.Build.0 = Release|Any CPU
	EndGlobalSection
	GlobalSection(SolutionProperties) = preSolution
		HideSolutionNode = FALSE
	EndGlobalSection
	GlobalSection(NestedProjects) = preSolution
		{8D64F4FD-EDAA-4654-8D8D-A9AC6B7FADEE} = {62B030D2-CB99-487D-9394-7E3CB2E4F0D4}
		{62B030D2-CB99-487D-9394-7E3CB2E4F0D4} = {D73F7600-98B0-4D65-8878-A2E6532FE42D}
		{8A0DC153-0DB0-4A96-8D37-74BAC824404F} = {D73F7600-98B0-4D65-8878-A2E6532FE42D}
		{FFBCD958-72E1-48FA-9742-01EFC460BC58} = {8A0DC153-0DB0-4A96-8D37-74BAC824404F}
		{EC5E8E2C-4FAC-4E46-9A56-D1B1329383DD} = {D73F7600-98B0-4D65-8878-A2E6532FE42D}
		{297BCB5D-E887-4602-8788-92189A4B9D12} = {EC5E8E2C-4FAC-4E46-9A56-D1B1329383DD}
		{B3533F4C-2C65-4940-A0C7-C80763C5D420} = {CAED6FAB-94F9-4D1A-9E4C-934230EA3882}
		{0ABE84EC-37DD-4CC0-BE79-1ADCA12F876C} = {CAED6FAB-94F9-4D1A-9E4C-934230EA3882}
		{30FC928B-845D-4464-B75F-11A1BE959AA8} = {CAED6FAB-94F9-4D1A-9E4C-934230EA3882}
		{940B837F-735D-4D91-94A0-4F0E48BE1CE2} = {B3533F4C-2C65-4940-A0C7-C80763C5D420}
		{96D76706-C084-46A8-851D-715A51985BF9} = {30FC928B-845D-4464-B75F-11A1BE959AA8}
		{06958162-A820-4B9A-A599-A29FB96056CE} = {0ABE84EC-37DD-4CC0-BE79-1ADCA12F876C}
		{F6FE7D15-A7A4-4138-AB9F-D5DCD0B01E03} = {CAED6FAB-94F9-4D1A-9E4C-934230EA3882}
		{2EC0E678-569A-467E-9746-25916C376308} = {F6FE7D15-A7A4-4138-AB9F-D5DCD0B01E03}
	EndGlobalSection
	GlobalSection(ExtensibilityGlobals) = postSolution
		SolutionGuid = {C934FC01-8493-4B8B-9FD6-0C9FF9382924}
	EndGlobalSection
EndGlobal
